
Microsoft Visual Studio Solution File, Format Version 12.00
# Visual Studio Express 2013 for Windows Desktop
VisualStudioVersion = 12.0.21005.1
MinimumVisualStudioVersion = 10.0.40219.1
Project("{8BC9CEB8-8B4A-11D0-8D11-00A0C91BC942}") = "yugen", "yugen.vcxproj", "{5096D834-65F7-4844-903F-B1BAA8A8798C}"
EndProject
Project("{8BC9CEB8-8B4A-11D0-8D11-00A0C91BC942}") = "yedit", "yedit.vcxproj", "{47BD3EA6-D08A-47A9-A126-F6BB805D172A}"
EndProject
Global
	GlobalSection(SolutionConfigurationPlatforms) = preSolution
		Debug|Win32 = Debug|Win32
		Release|Win32 = Release|Win32
	EndGlobalSection
	GlobalSection(ProjectConfigurationPlatforms) = postSolution
		{5096D834-65F7-4844-903F-B1BAA8A8798C}.Debug|Win32.ActiveCfg = Debug|Win32
		{5096D834-65F7-4844-903F-B1BAA8A8798C}.Debug|Win32.Build.0 = Debug|Win32
		{5096D834-65F7-4844-903F-B1BAA8A8798C}.Release|Win32.ActiveCfg = Release|Win32
		{5096D834-65F7-4844-903F-B1BAA8A8798C}.Release|Win32.Build.0 = Release|Win32
		{47BD3EA6-D08A-47A9-A126-F6BB805D172A}.Debug|Win32.ActiveCfg = Debug|Win32
		{47BD3EA6-D08A-47A9-A126-F6BB805D172A}.Debug|Win32.Build.0 = Debug|Win32
		{47BD3EA6-D08A-47A9-A126-F6BB805D172A}.Release|Win32.ActiveCfg = Release|Win32
		{47BD3EA6-D08A-47A9-A126-F6BB805D172A}.Release|Win32.Build.0 = Release|Win32
	EndGlobalSection
	GlobalSection(SolutionProperties) = preSolution
		HideSolutionNode = FALSE
	EndGlobalSection
EndGlobal
